{
  "version": 4,
  "terraform_version": "1.5.0",
  "serial": 1,
  "lineage": "a30a98e2-0e05-84c5-0ec2-ffc12187b00f",
  "outputs": {},
  "resources": [
    {
      "mode": "managed",
      "type": "aws_vpc",
      "name": "tastylog-dev-vpc",
      "provider": "provider[\"registry.terraform.io/hashicorp/aws\"]",
      "instances": [
        {
          "schema_version": 1,
          "attributes": {
            "arn": "arn:aws:ec2:ap-northeast-1:688654582404:vpc/vpc-03f3beddcd7ee390a",
            "assign_generated_ipv6_cidr_block": false,
            "cidr_block": "192.168.0.0/20",
            "default_network_acl_id": "acl-0a383a7345a0d97cc",
            "default_route_table_id": "rtb-0fbffda25ac1fe391",
            "default_security_group_id": "sg-04e9202fed550cbf9",
            "dhcp_options_id": "dopt-a17459c6",
            "enable_dns_hostnames": false,
            "enable_dns_support": true,
            "enable_network_address_usage_metrics": false,
            "id": "vpc-03f3beddcd7ee390a",
            "instance_tenancy": "default",
            "ipv4_ipam_pool_id": null,
            "ipv4_netmask_length": null,
            "ipv6_association_id": "",
            "ipv6_cidr_block": "",
            "ipv6_cidr_block_network_border_group": "",
            "ipv6_ipam_pool_id": "",
            "ipv6_netmask_length": 0,
            "main_route_table_id": "rtb-0fbffda25ac1fe391",
            "owner_id": "688654582404",
            "tags": {
              "Name": "tastylog-dev-vpc"
            },
            "tags_all": {
              "Name": "tastylog-dev-vpc"
            }
          },
          "sensitive_attributes": [],
          "private": "eyJzY2hlbWFfdmVyc2lvbiI6IjEifQ=="
        }
      ]
    }
  ],
  "check_results": null
}
